
Microsoft Visual Studio Solution File, Format Version 12.00
# Visual Studio 15
VisualStudioVersion = 15.0.28307.1169
MinimumVisualStudioVersion = 10.0.40219.1
Project("{9A19103F-16F7-4668-BE54-9A1E7A4F7556}") = "CursoCSharp", "CursoCSharp\CursoCSharp.csproj", "{9C14C3B3-C396-45E6-935C-F20F2466E59C}"
EndProject
Project("{FAE04EC0-301F-11D3-BF4B-00C04F79EFBC}") = "Encapsulamento", "Encapsulamento\Encapsulamento.csproj", "{FA9C49E5-C616-4494-9015-9E89A6F9AC16}"
EndProject
Global
	GlobalSection(SolutionConfigurationPlatforms) = preSolution
		Debug|Any CPU = Debug|Any CPU
		Release|Any CPU = Release|Any CPU
	EndGlobalSection
	GlobalSection(ProjectConfigurationPlatforms) = postSolution
		{9C14C3B3-C396-45E6-935C-F20F2466E59C}.Debug|Any CPU.ActiveCfg = Debug|Any CPU
		{9C14C3B3-C396-45E6-935C-F20F2466E59C}.Debug|Any CPU.Build.0 = Debug|Any CPU
		{9C14C3B3-C396-45E6-935C-F20F2466E59C}.Release|Any CPU.ActiveCfg = Release|Any CPU
		{9C14C3B3-C396-45E6-935C-F20F2466E59C}.Release|Any CPU.Build.0 = Release|Any CPU
		{FA9C49E5-C616-4494-9015-9E89A6F9AC16}.Debug|Any CPU.ActiveCfg = Debug|Any CPU
		{FA9C49E5-C616-4494-9015-9E89A6F9AC16}.Debug|Any CPU.Build.0 = Debug|Any CPU
		{FA9C49E5-C616-4494-9015-9E89A6F9AC16}.Release|Any CPU.ActiveCfg = Release|Any CPU
		{FA9C49E5-C616-4494-9015-9E89A6F9AC16}.Release|Any CPU.Build.0 = Release|Any CPU
	EndGlobalSection
	GlobalSection(SolutionProperties) = preSolution
		HideSolutionNode = FALSE
	EndGlobalSection
	GlobalSection(ExtensibilityGlobals) = postSolution
		SolutionGuid = {94B58C8E-78C1-4178-86E2-3EAF8A4B0E1A}
	EndGlobalSection
EndGlobal
